
Microsoft Visual Studio Solution File, Format Version 12.00
# Visual Studio Version 16
VisualStudioVersion = 16.0.30907.101
MinimumVisualStudioVersion = 10.0.40219.1
Project("{FAE04EC0-301F-11D3-BF4B-00C04F79EFBC}") = "WinForm", "WinForm\WinForm.csproj", "{A4B643C5-A5D8-4DFA-9B0A-37D6CE5E923C}"
	ProjectSection(ProjectDependencies) = postProject
		{E570A9A2-EBD5-492D-BD58-1BA808815CF2} = {E570A9A2-EBD5-492D-BD58-1BA808815CF2}
	EndProjectSection
EndProject
Project("{FAE04EC0-301F-11D3-BF4B-00C04F79EFBC}") = "Host", "Host\Host.csproj", "{5DE4204F-1CEF-4850-9A59-543E9972A1FE}"
EndProject
Project("{FAE04EC0-301F-11D3-BF4B-00C04F79EFBC}") = "WcfServiceLibrary", "WcfServiceLibrary\WcfServiceLibrary.csproj", "{E570A9A2-EBD5-492D-BD58-1BA808815CF2}"
EndProject
Global
	GlobalSection(SolutionConfigurationPlatforms) = preSolution
		Debug|Any CPU = Debug|Any CPU
		Release|Any CPU = Release|Any CPU
	EndGlobalSection
	GlobalSection(ProjectConfigurationPlatforms) = postSolution
		{A4B643C5-A5D8-4DFA-9B0A-37D6CE5E923C}.Debug|Any CPU.ActiveCfg = Debug|Any CPU
		{A4B643C5-A5D8-4DFA-9B0A-37D6CE5E923C}.Debug|Any CPU.Build.0 = Debug|Any CPU
		{A4B643C5-A5D8-4DFA-9B0A-37D6CE5E923C}.Release|Any CPU.ActiveCfg = Release|Any CPU
		{A4B643C5-A5D8-4DFA-9B0A-37D6CE5E923C}.Release|Any CPU.Build.0 = Release|Any CPU
		{5DE4204F-1CEF-4850-9A59-543E9972A1FE}.Debug|Any CPU.ActiveCfg = Debug|Any CPU
		{5DE4204F-1CEF-4850-9A59-543E9972A1FE}.Debug|Any CPU.Build.0 = Debug|Any CPU
		{5DE4204F-1CEF-4850-9A59-543E9972A1FE}.Release|Any CPU.ActiveCfg = Release|Any CPU
		{5DE4204F-1CEF-4850-9A59-543E9972A1FE}.Release|Any CPU.Build.0 = Release|Any CPU
		{E570A9A2-EBD5-492D-BD58-1BA808815CF2}.Debug|Any CPU.ActiveCfg = Debug|Any CPU
		{E570A9A2-EBD5-492D-BD58-1BA808815CF2}.Debug|Any CPU.Build.0 = Debug|Any CPU
		{E570A9A2-EBD5-492D-BD58-1BA808815CF2}.Release|Any CPU.ActiveCfg = Release|Any CPU
		{E570A9A2-EBD5-492D-BD58-1BA808815CF2}.Release|Any CPU.Build.0 = Release|Any CPU
	EndGlobalSection
	GlobalSection(SolutionProperties) = preSolution
		HideSolutionNode = FALSE
	EndGlobalSection
	GlobalSection(ExtensibilityGlobals) = postSolution
		SolutionGuid = {D502D58F-A11C-4E0D-B68B-D93BAB4A3BFD}
	EndGlobalSection
EndGlobal
