
Microsoft Visual Studio Solution File, Format Version 12.00
# Visual Studio Version 16
VisualStudioVersion = 16.0.30907.101
MinimumVisualStudioVersion = 10.0.40219.1
Project("{FAE04EC0-301F-11D3-BF4B-00C04F79EFBC}") = "ASMX", "ASMX\ASMX.csproj", "{AE853512-D7B7-4622-9A1A-011F72690EB1}"
EndProject
Project("{FAE04EC0-301F-11D3-BF4B-00C04F79EFBC}") = "WinForm", "WinForm\WinForm.csproj", "{A4B643C5-A5D8-4DFA-9B0A-37D6CE5E923C}"
	ProjectSection(ProjectDependencies) = postProject
		{AE853512-D7B7-4622-9A1A-011F72690EB1} = {AE853512-D7B7-4622-9A1A-011F72690EB1}
	EndProjectSection
EndProject
Global
	GlobalSection(SolutionConfigurationPlatforms) = preSolution
		Debug|Any CPU = Debug|Any CPU
		Release|Any CPU = Release|Any CPU
	EndGlobalSection
	GlobalSection(ProjectConfigurationPlatforms) = postSolution
		{AE853512-D7B7-4622-9A1A-011F72690EB1}.Debug|Any CPU.ActiveCfg = Debug|Any CPU
		{AE853512-D7B7-4622-9A1A-011F72690EB1}.Debug|Any CPU.Build.0 = Debug|Any CPU
		{AE853512-D7B7-4622-9A1A-011F72690EB1}.Release|Any CPU.ActiveCfg = Release|Any CPU
		{AE853512-D7B7-4622-9A1A-011F72690EB1}.Release|Any CPU.Build.0 = Release|Any CPU
		{A4B643C5-A5D8-4DFA-9B0A-37D6CE5E923C}.Debug|Any CPU.ActiveCfg = Debug|Any CPU
		{A4B643C5-A5D8-4DFA-9B0A-37D6CE5E923C}.Debug|Any CPU.Build.0 = Debug|Any CPU
		{A4B643C5-A5D8-4DFA-9B0A-37D6CE5E923C}.Release|Any CPU.ActiveCfg = Release|Any CPU
		{A4B643C5-A5D8-4DFA-9B0A-37D6CE5E923C}.Release|Any CPU.Build.0 = Release|Any CPU
	EndGlobalSection
	GlobalSection(SolutionProperties) = preSolution
		HideSolutionNode = FALSE
	EndGlobalSection
	GlobalSection(ExtensibilityGlobals) = postSolution
		SolutionGuid = {DF821463-0027-41FB-A7BC-F2AA8EF07EFD}
	EndGlobalSection
EndGlobal
