
Microsoft Visual Studio Solution File, Format Version 12.00
Project("{FAE04EC0-301F-11D3-BF4B-00C04F79EFBC}") = "L8a", "L8a\L8a.csproj", "{33ACC8B9-4369-4666-B76B-15DEF5BDC183}"
EndProject
Project("{FAE04EC0-301F-11D3-BF4B-00C04F79EFBC}") = "L8b", "L8b\L8b.csproj", "{B353FF3B-8D97-4F8B-B1D2-9796DBF395F6}"
EndProject
Global
	GlobalSection(SolutionConfigurationPlatforms) = preSolution
		Debug|Any CPU = Debug|Any CPU
		Release|Any CPU = Release|Any CPU
	EndGlobalSection
	GlobalSection(ProjectConfigurationPlatforms) = postSolution
		{33ACC8B9-4369-4666-B76B-15DEF5BDC183}.Debug|Any CPU.ActiveCfg = Debug|Any CPU
		{33ACC8B9-4369-4666-B76B-15DEF5BDC183}.Debug|Any CPU.Build.0 = Debug|Any CPU
		{33ACC8B9-4369-4666-B76B-15DEF5BDC183}.Release|Any CPU.ActiveCfg = Release|Any CPU
		{33ACC8B9-4369-4666-B76B-15DEF5BDC183}.Release|Any CPU.Build.0 = Release|Any CPU
		{B353FF3B-8D97-4F8B-B1D2-9796DBF395F6}.Debug|Any CPU.ActiveCfg = Debug|Any CPU
		{B353FF3B-8D97-4F8B-B1D2-9796DBF395F6}.Debug|Any CPU.Build.0 = Debug|Any CPU
		{B353FF3B-8D97-4F8B-B1D2-9796DBF395F6}.Release|Any CPU.ActiveCfg = Release|Any CPU
		{B353FF3B-8D97-4F8B-B1D2-9796DBF395F6}.Release|Any CPU.Build.0 = Release|Any CPU
	EndGlobalSection
EndGlobal
