
Microsoft Visual Studio Solution File, Format Version 12.00
# Visual Studio Version 16
VisualStudioVersion = 16.0.32802.440
MinimumVisualStudioVersion = 10.0.40219.1
Project("{FAE04EC0-301F-11D3-BF4B-00C04F79EFBC}") = "laba3", "laba3\laba3.csproj", "{E9DB95F0-D816-4531-97CC-B3F4434FDE69}"
EndProject
Project("{FAE04EC0-301F-11D3-BF4B-00C04F79EFBC}") = "TelephoneDictionaryDLL", "TelephoneDictionaryDLL\TelephoneDictionaryDLL.csproj", "{15885F67-1B36-473C-90B5-CFD7878CB3A2}"
EndProject
Project("{FAE04EC0-301F-11D3-BF4B-00C04F79EFBC}") = "SQLTelephoneDictionary", "SQLTelephoneDictionary\SQLTelephoneDictionary.csproj", "{E0A4F13C-A455-4797-8811-613E5A5DE593}"
EndProject
Global
	GlobalSection(SolutionConfigurationPlatforms) = preSolution
		Debug|Any CPU = Debug|Any CPU
		Release|Any CPU = Release|Any CPU
	EndGlobalSection
	GlobalSection(ProjectConfigurationPlatforms) = postSolution
		{E9DB95F0-D816-4531-97CC-B3F4434FDE69}.Debug|Any CPU.ActiveCfg = Debug|Any CPU
		{E9DB95F0-D816-4531-97CC-B3F4434FDE69}.Debug|Any CPU.Build.0 = Debug|Any CPU
		{E9DB95F0-D816-4531-97CC-B3F4434FDE69}.Release|Any CPU.ActiveCfg = Release|Any CPU
		{E9DB95F0-D816-4531-97CC-B3F4434FDE69}.Release|Any CPU.Build.0 = Release|Any CPU
		{15885F67-1B36-473C-90B5-CFD7878CB3A2}.Debug|Any CPU.ActiveCfg = Debug|Any CPU
		{15885F67-1B36-473C-90B5-CFD7878CB3A2}.Debug|Any CPU.Build.0 = Debug|Any CPU
		{15885F67-1B36-473C-90B5-CFD7878CB3A2}.Release|Any CPU.ActiveCfg = Release|Any CPU
		{15885F67-1B36-473C-90B5-CFD7878CB3A2}.Release|Any CPU.Build.0 = Release|Any CPU
		{E0A4F13C-A455-4797-8811-613E5A5DE593}.Debug|Any CPU.ActiveCfg = Debug|Any CPU
		{E0A4F13C-A455-4797-8811-613E5A5DE593}.Debug|Any CPU.Build.0 = Debug|Any CPU
		{E0A4F13C-A455-4797-8811-613E5A5DE593}.Release|Any CPU.ActiveCfg = Release|Any CPU
		{E0A4F13C-A455-4797-8811-613E5A5DE593}.Release|Any CPU.Build.0 = Release|Any CPU
	EndGlobalSection
	GlobalSection(SolutionProperties) = preSolution
		HideSolutionNode = FALSE
	EndGlobalSection
	GlobalSection(ExtensibilityGlobals) = postSolution
		SolutionGuid = {519B5005-219D-4FE1-9714-990A62BC2033}
	EndGlobalSection
EndGlobal
